
Microsoft Visual Studio Solution File, Format Version 12.00
# Visual Studio Version 17
VisualStudioVersion = 17.1.32210.238
MinimumVisualStudioVersion = 10.0.40219.1
Project("{8BC9CEB8-8B4A-11D0-8D11-00A0C91BC942}") = "CalculatorProject", "CalculatorProject\CalculatorProject.vcxproj", "{BB9DF178-10E7-4674-819C-A66DEBA7AA68}"
EndProject
Global
	GlobalSection(SolutionConfigurationPlatforms) = preSolution
		Debug|x64 = Debug|x64
		Debug|x86 = Debug|x86
		Release|x64 = Release|x64
		Release|x86 = Release|x86
	EndGlobalSection
	GlobalSection(ProjectConfigurationPlatforms) = postSolution
		{BB9DF178-10E7-4674-819C-A66DEBA7AA68}.Debug|x64.ActiveCfg = Debug|x64
		{BB9DF178-10E7-4674-819C-A66DEBA7AA68}.Debug|x64.Build.0 = Debug|x64
		{BB9DF178-10E7-4674-819C-A66DEBA7AA68}.Debug|x86.ActiveCfg = Debug|Win32
		{BB9DF178-10E7-4674-819C-A66DEBA7AA68}.Debug|x86.Build.0 = Debug|Win32
		{BB9DF178-10E7-4674-819C-A66DEBA7AA68}.Release|x64.ActiveCfg = Release|x64
		{BB9DF178-10E7-4674-819C-A66DEBA7AA68}.Release|x64.Build.0 = Release|x64
		{BB9DF178-10E7-4674-819C-A66DEBA7AA68}.Release|x86.ActiveCfg = Release|Win32
		{BB9DF178-10E7-4674-819C-A66DEBA7AA68}.Release|x86.Build.0 = Release|Win32
	EndGlobalSection
	GlobalSection(SolutionProperties) = preSolution
		HideSolutionNode = FALSE
	EndGlobalSection
	GlobalSection(ExtensibilityGlobals) = postSolution
		SolutionGuid = {ACC945A8-FD69-433A-B7AD-B39B00DA0342}
	EndGlobalSection
EndGlobal
